
Microsoft Visual Studio Solution File, Format Version 12.00
# Visual Studio Version 17
VisualStudioVersion = 17.0.31903.59
MinimumVisualStudioVersion = 10.0.40219.1
Project("{FAE04EC0-301F-11D3-BF4B-00C04F79EFBC}") = "UserAuthService.Domain", "UserAuthService.Domain\UserAuthService.Domain.csproj", "{17E7BCAE-1511-40B7-AF5F-9203F46A6393}"
EndProject
Project("{FAE04EC0-301F-11D3-BF4B-00C04F79EFBC}") = "UserAuthService.Application", "UserAuthService.Application\UserAuthService.Application.csproj", "{F884F481-6FCB-4BF1-8539-1977B6A3DB86}"
EndProject
Project("{FAE04EC0-301F-11D3-BF4B-00C04F79EFBC}") = "UserAuthService.Infrastructure", "UserAuthService.Infrastructure\UserAuthService.Infrastructure.csproj", "{FC577F1C-EF87-40DB-A8CF-60A366E2A632}"
EndProject
Project("{FAE04EC0-301F-11D3-BF4B-00C04F79EFBC}") = "UserAuthService.API", "UserAuthService.API\UserAuthService.API.csproj", "{7693B3B9-2802-4EBE-A2BB-AFB4AE9109E0}"
EndProject
Global
	GlobalSection(SolutionConfigurationPlatforms) = preSolution
		Debug|Any CPU = Debug|Any CPU
		Debug|x64 = Debug|x64
		Debug|x86 = Debug|x86
		Release|Any CPU = Release|Any CPU
		Release|x64 = Release|x64
		Release|x86 = Release|x86
	EndGlobalSection
	GlobalSection(ProjectConfigurationPlatforms) = postSolution
		{17E7BCAE-1511-40B7-AF5F-9203F46A6393}.Debug|Any CPU.ActiveCfg = Debug|Any CPU
		{17E7BCAE-1511-40B7-AF5F-9203F46A6393}.Debug|Any CPU.Build.0 = Debug|Any CPU
		{17E7BCAE-1511-40B7-AF5F-9203F46A6393}.Debug|x64.ActiveCfg = Debug|Any CPU
		{17E7BCAE-1511-40B7-AF5F-9203F46A6393}.Debug|x64.Build.0 = Debug|Any CPU
		{17E7BCAE-1511-40B7-AF5F-9203F46A6393}.Debug|x86.ActiveCfg = Debug|Any CPU
		{17E7BCAE-1511-40B7-AF5F-9203F46A6393}.Debug|x86.Build.0 = Debug|Any CPU
		{17E7BCAE-1511-40B7-AF5F-9203F46A6393}.Release|Any CPU.ActiveCfg = Release|Any CPU
		{17E7BCAE-1511-40B7-AF5F-9203F46A6393}.Release|Any CPU.Build.0 = Release|Any CPU
		{17E7BCAE-1511-40B7-AF5F-9203F46A6393}.Release|x64.ActiveCfg = Release|Any CPU
		{17E7BCAE-1511-40B7-AF5F-9203F46A6393}.Release|x64.Build.0 = Release|Any CPU
		{17E7BCAE-1511-40B7-AF5F-9203F46A6393}.Release|x86.ActiveCfg = Release|Any CPU
		{17E7BCAE-1511-40B7-AF5F-9203F46A6393}.Release|x86.Build.0 = Release|Any CPU
		{F884F481-6FCB-4BF1-8539-1977B6A3DB86}.Debug|Any CPU.ActiveCfg = Debug|Any CPU
		{F884F481-6FCB-4BF1-8539-1977B6A3DB86}.Debug|Any CPU.Build.0 = Debug|Any CPU
		{F884F481-6FCB-4BF1-8539-1977B6A3DB86}.Debug|x64.ActiveCfg = Debug|Any CPU
		{F884F481-6FCB-4BF1-8539-1977B6A3DB86}.Debug|x64.Build.0 = Debug|Any CPU
		{F884F481-6FCB-4BF1-8539-1977B6A3DB86}.Debug|x86.ActiveCfg = Debug|Any CPU
		{F884F481-6FCB-4BF1-8539-1977B6A3DB86}.Debug|x86.Build.0 = Debug|Any CPU
		{F884F481-6FCB-4BF1-8539-1977B6A3DB86}.Release|Any CPU.ActiveCfg = Release|Any CPU
		{F884F481-6FCB-4BF1-8539-1977B6A3DB86}.Release|Any CPU.Build.0 = Release|Any CPU
		{F884F481-6FCB-4BF1-8539-1977B6A3DB86}.Release|x64.ActiveCfg = Release|Any CPU
		{F884F481-6FCB-4BF1-8539-1977B6A3DB86}.Release|x64.Build.0 = Release|Any CPU
		{F884F481-6FCB-4BF1-8539-1977B6A3DB86}.Release|x86.ActiveCfg = Release|Any CPU
		{F884F481-6FCB-4BF1-8539-1977B6A3DB86}.Release|x86.Build.0 = Release|Any CPU
		{FC577F1C-EF87-40DB-A8CF-60A366E2A632}.Debug|Any CPU.ActiveCfg = Debug|Any CPU
		{FC577F1C-EF87-40DB-A8CF-60A366E2A632}.Debug|Any CPU.Build.0 = Debug|Any CPU
		{FC577F1C-EF87-40DB-A8CF-60A366E2A632}.Debug|x64.ActiveCfg = Debug|Any CPU
		{FC577F1C-EF87-40DB-A8CF-60A366E2A632}.Debug|x64.Build.0 = Debug|Any CPU
		{FC577F1C-EF87-40DB-A8CF-60A366E2A632}.Debug|x86.ActiveCfg = Debug|Any CPU
		{FC577F1C-EF87-40DB-A8CF-60A366E2A632}.Debug|x86.Build.0 = Debug|Any CPU
		{FC577F1C-EF87-40DB-A8CF-60A366E2A632}.Release|Any CPU.ActiveCfg = Release|Any CPU
		{FC577F1C-EF87-40DB-A8CF-60A366E2A632}.Release|Any CPU.Build.0 = Release|Any CPU
		{FC577F1C-EF87-40DB-A8CF-60A366E2A632}.Release|x64.ActiveCfg = Release|Any CPU
		{FC577F1C-EF87-40DB-A8CF-60A366E2A632}.Release|x64.Build.0 = Release|Any CPU
		{FC577F1C-EF87-40DB-A8CF-60A366E2A632}.Release|x86.ActiveCfg = Release|Any CPU
		{FC577F1C-EF87-40DB-A8CF-60A366E2A632}.Release|x86.Build.0 = Release|Any CPU
		{7693B3B9-2802-4EBE-A2BB-AFB4AE9109E0}.Debug|Any CPU.ActiveCfg = Debug|Any CPU
		{7693B3B9-2802-4EBE-A2BB-AFB4AE9109E0}.Debug|Any CPU.Build.0 = Debug|Any CPU
		{7693B3B9-2802-4EBE-A2BB-AFB4AE9109E0}.Debug|x64.ActiveCfg = Debug|Any CPU
		{7693B3B9-2802-4EBE-A2BB-AFB4AE9109E0}.Debug|x64.Build.0 = Debug|Any CPU
		{7693B3B9-2802-4EBE-A2BB-AFB4AE9109E0}.Debug|x86.ActiveCfg = Debug|Any CPU
		{7693B3B9-2802-4EBE-A2BB-AFB4AE9109E0}.Debug|x86.Build.0 = Debug|Any CPU
		{7693B3B9-2802-4EBE-A2BB-AFB4AE9109E0}.Release|Any CPU.ActiveCfg = Release|Any CPU
		{7693B3B9-2802-4EBE-A2BB-AFB4AE9109E0}.Release|Any CPU.Build.0 = Release|Any CPU
		{7693B3B9-2802-4EBE-A2BB-AFB4AE9109E0}.Release|x64.ActiveCfg = Release|Any CPU
		{7693B3B9-2802-4EBE-A2BB-AFB4AE9109E0}.Release|x64.Build.0 = Release|Any CPU
		{7693B3B9-2802-4EBE-A2BB-AFB4AE9109E0}.Release|x86.ActiveCfg = Release|Any CPU
		{7693B3B9-2802-4EBE-A2BB-AFB4AE9109E0}.Release|x86.Build.0 = Release|Any CPU
	EndGlobalSection
	GlobalSection(SolutionProperties) = preSolution
		HideSolutionNode = FALSE
	EndGlobalSection
EndGlobal
